{
  "nodes": {
    "nixpkgs": {
      "locked": {
        "lastModified": 1791260994,
        "narHash": "sha256-Miqqk/ammqnTUxaoCyvtwoPeLbI1ksFyLxi/CazZpWY=",
        "owner": "NixOS",
        "repo": "nixpkgs",
        "rev": "151fa4e8ddfdd8dd25d945ad94ed54a13de9f6e4",
        "type": "github"
      },
      "original": {
        "owner": "NixOS",
        "ref": "nixos-unstable",
        "repo": "nixpkgs",
        "type": "github"
      }
    },
    "pleamar": {
      "inputs": {
        "nixpkgs": [
          "nixpkgs"
        ]
      },
      "locked": {
        "lastModified": 1791570653,
        "narHash": "sha256-MeD9oLhKQAJDBcuUaPCNRR1IriqxVtF4EggQR4ULd2A=",
        "owner": "k4ditano",
        "repo": "pleamar",
        "rev": "c6aac344c151534ff110f36bc41208989d88c386",
        "type": "github"
      },
      "original": {
        "owner": "k4ditano",
        "repo": "pleamar",
        "type": "github"
      }
    },
    "root": {
      "inputs": {
        "nixpkgs": "nixpkgs",
        "pleamar": "pleamar"
      }
    }
  },
  "root": "root",
  "version": 7
}
